
Microsoft Visual Studio Solution File, Format Version 12.00
# Visual Studio 15
VisualStudioVersion = 15.0.27703.2042
MinimumVisualStudioVersion = 10.0.40219.1
Project("{FAE04EC0-301F-11D3-BF4B-00C04F79EFBC}") = "WebApp", "WebApp\WebApp.csproj", "{081F35D7-F2FB-4FDD-941B-08C91C7CC05D}"
EndProject
Project("{E53339B2-1760-4266-BCC7-CA923CBCF16C}") = "docker-compose", "docker-compose.dcproj", "{93F42E00-9D6B-4C68-85E3-0C1B3551CC15}"
EndProject
Global
	GlobalSection(SolutionConfigurationPlatforms) = preSolution
		Debug|Any CPU = Debug|Any CPU
		Release|Any CPU = Release|Any CPU
	EndGlobalSection
	GlobalSection(ProjectConfigurationPlatforms) = postSolution
		{081F35D7-F2FB-4FDD-941B-08C91C7CC05D}.Debug|Any CPU.ActiveCfg = Debug|Any CPU
		{081F35D7-F2FB-4FDD-941B-08C91C7CC05D}.Debug|Any CPU.Build.0 = Debug|Any CPU
		{081F35D7-F2FB-4FDD-941B-08C91C7CC05D}.Release|Any CPU.ActiveCfg = Release|Any CPU
		{081F35D7-F2FB-4FDD-941B-08C91C7CC05D}.Release|Any CPU.Build.0 = Release|Any CPU
		{93F42E00-9D6B-4C68-85E3-0C1B3551CC15}.Debug|Any CPU.ActiveCfg = Debug|Any CPU
		{93F42E00-9D6B-4C68-85E3-0C1B3551CC15}.Debug|Any CPU.Build.0 = Debug|Any CPU
		{93F42E00-9D6B-4C68-85E3-0C1B3551CC15}.Release|Any CPU.ActiveCfg = Release|Any CPU
		{93F42E00-9D6B-4C68-85E3-0C1B3551CC15}.Release|Any CPU.Build.0 = Release|Any CPU
	EndGlobalSection
	GlobalSection(SolutionProperties) = preSolution
		HideSolutionNode = FALSE
	EndGlobalSection
	GlobalSection(ExtensibilityGlobals) = postSolution
		SolutionGuid = {55FD9D43-AD4A-4FCF-AD0B-323F988B6A87}
	EndGlobalSection
EndGlobal
